
Microsoft Visual Studio Solution File, Format Version 12.00
# Visual Studio Version 17
VisualStudioVersion = 17.8.34322.80
MinimumVisualStudioVersion = 10.0.40219.1
Project("{FAE04EC0-301F-11D3-BF4B-00C04F79EFBC}") = "Client-Network-App", "Client-Network-App\Client-Network-App.csproj", "{9E52F50A-F7C6-45D4-8129-ACB85C127B00}"
EndProject
Global
	GlobalSection(SolutionConfigurationPlatforms) = preSolution
		Debug|Any CPU = Debug|Any CPU
		Release|Any CPU = Release|Any CPU
	EndGlobalSection
	GlobalSection(ProjectConfigurationPlatforms) = postSolution
		{9E52F50A-F7C6-45D4-8129-ACB85C127B00}.Debug|Any CPU.ActiveCfg = Debug|Any CPU
		{9E52F50A-F7C6-45D4-8129-ACB85C127B00}.Debug|Any CPU.Build.0 = Debug|Any CPU
		{9E52F50A-F7C6-45D4-8129-ACB85C127B00}.Release|Any CPU.ActiveCfg = Release|Any CPU
		{9E52F50A-F7C6-45D4-8129-ACB85C127B00}.Release|Any CPU.Build.0 = Release|Any CPU
	EndGlobalSection
	GlobalSection(SolutionProperties) = preSolution
		HideSolutionNode = FALSE
	EndGlobalSection
	GlobalSection(ExtensibilityGlobals) = postSolution
		SolutionGuid = {D71F40F8-9069-4FB8-8529-384160190816}
	EndGlobalSection
EndGlobal
